{
    "_readme": [
        "This file locks the dependencies of your project to a known state",
        "Read more about it at https://getcomposer.org/doc/01-basic-usage.md#installing-dependencies",
        "This file is @generated automatically"
    ],
    "content-hash": "4d9fd52ef94d3adb6dcaec8234b14141",
    "packages": [
        {
            "name": "helsingborg-stad/acf-export-manager",
            "version": "1.0.12",
            "source": {
                "type": "git",
                "url": "https://github.com/helsingborg-stad/acf-export-manager.git",
                "reference": "9e1b282460cebf68ec4d83cd3c11d8fe7e3612fd"
            },
            "dist": {
                "type": "zip",
                "url": "https://api.github.com/repos/helsingborg-stad/acf-export-manager/zipball/9e1b282460cebf68ec4d83cd3c11d8fe7e3612fd",
                "reference": "9e1b282460cebf68ec4d83cd3c11d8fe7e3612fd",
                "shasum": ""
            },
            "type": "library",
            "autoload": {
                "psr-4": {
                    "AcfExportManager\\": "src"
                }
            },
            "license": [
                "MIT"
            ],
            "authors": [
                {
                    "name": "Kristoffer Svanmark",
                    "email": "kristoffer.svanmark@knowit.se"
                }
            ],
            "description": "ACF Export Manager is a extension that let's you automatically export specified your ACF fields on save.",
            "support": {
                "source": "https://github.com/helsingborg-stad/acf-export-manager/tree/1.0.12",
                "issues": "https://github.com/helsingborg-stad/acf-export-manager/issues"
            },
            "time": "2023-05-25T07:56:58+00:00"
        }
    ],
    "packages-dev": [],
    "aliases": [],
    "minimum-stability": "stable",
    "stability-flags": {},
    "prefer-stable": false,
    "prefer-lowest": false,
    "platform": {},
    "platform-dev": {},
    "plugin-api-version": "2.6.0"
}
